{
  "originHash" : "e1b8eb0fdabc15362b2ed81325d570d67471071811616839569cb2a276b8c217",
  "pins" : [
    {
      "identity" : "pythonkit",
      "kind" : "remoteSourceControl",
      "location" : "https://github.com/pvieito/PythonKit",
      "state" : {
        "branch" : "master",
        "revision" : "6fee7617cfa910fbac7035276e295ba967adbbb4"
      }
    },
    {
      "identity" : "sebbu-collections",
      "kind" : "remoteSourceControl",
      "location" : "https://github.com/MarSe32m/sebbu-collections",
      "state" : {
        "branch" : "main",
        "revision" : "c417128f47f70b75dcd9b2bdc5e5d87c2176e80f"
      }
    },
    {
      "identity" : "sebbu-science",
      "kind" : "remoteSourceControl",
      "location" : "https://github.com/MarSe32m/sebbu-science",
      "state" : {
        "branch" : "main",
        "revision" : "63a1e93e5b11ca33ce66c9c1c1d8b2fa0e5c786e"
      }
    },
    {
      "identity" : "swift-algorithms",
      "kind" : "remoteSourceControl",
      "location" : "https://github.com/apple/swift-algorithms",
      "state" : {
        "branch" : "main",
        "revision" : "0e939e7bb92d5305022f0f981973c2de5ee543b4"
      }
    },
    {
      "identity" : "swift-collections",
      "kind" : "remoteSourceControl",
      "location" : "https://github.com/apple/swift-collections.git",
      "state" : {
        "revision" : "671108c96644956dddcd89dd59c203dcdb36cec7",
        "version" : "1.1.4"
      }
    },
    {
      "identity" : "swift-numerics",
      "kind" : "remoteSourceControl",
      "location" : "https://github.com/apple/swift-numerics",
      "state" : {
        "branch" : "main",
        "revision" : "2b458e8aeb9cf3f3a156f54ba427b9f101a4511a"
      }
    }
  ],
  "version" : 3
}
