{
  "originHash" : "cd87117743e2d95de16a91a0cf404c041e12ff92650b3ed33ed4bb23c48b4bc9",
  "pins" : [
    {
      "identity" : "pythonkit",
      "kind" : "remoteSourceControl",
      "location" : "https://github.com/pvieito/PythonKit",
      "state" : {
        "branch" : "master",
        "revision" : "2728bfb247e9662f492c43be01c7f1976bca5c1b"
      }
    },
    {
      "identity" : "sebbu-collections",
      "kind" : "remoteSourceControl",
      "location" : "https://github.com/MarSe32m/sebbu-collections",
      "state" : {
        "branch" : "main",
        "revision" : "c417128f47f70b75dcd9b2bdc5e5d87c2176e80f"
      }
    },
    {
      "identity" : "sebbu-science",
      "kind" : "remoteSourceControl",
      "location" : "https://github.com/MarSe32m/sebbu-science",
      "state" : {
        "branch" : "main",
        "revision" : "c0383732c2f77c91cfbc60e706b579223da8e149"
      }
    },
    {
      "identity" : "swift-algorithms",
      "kind" : "remoteSourceControl",
      "location" : "https://github.com/apple/swift-algorithms",
      "state" : {
        "branch" : "main",
        "revision" : "f6ce64a70a6979e7e882b91839c53df0dc3cb47d"
      }
    },
    {
      "identity" : "swift-collections",
      "kind" : "remoteSourceControl",
      "location" : "https://github.com/apple/swift-collections.git",
      "state" : {
        "revision" : "8c0c0a8b49e080e54e5e328cc552821ff07cd341",
        "version" : "1.2.1"
      }
    },
    {
      "identity" : "swift-numerics",
      "kind" : "remoteSourceControl",
      "location" : "https://github.com/apple/swift-numerics.git",
      "state" : {
        "revision" : "bbadd4b853a33fd78c4ae977d17bb2af15eb3f2a",
        "version" : "1.1.0"
      }
    }
  ],
  "version" : 3
}
