{
  "originHash" : "aa4db7757d9bb08c1e88db70ac8d046ada754e064a93d845bffe933e6d8f8f72",
  "pins" : [
    {
      "identity" : "pythonkit",
      "kind" : "remoteSourceControl",
      "location" : "https://github.com/pvieito/PythonKit",
      "state" : {
        "branch" : "master",
        "revision" : "d030b5193d1e4e770156deb27865773b64c5695f"
      }
    },
    {
      "identity" : "sebbu-collections",
      "kind" : "remoteSourceControl",
      "location" : "https://github.com/MarSe32m/sebbu-collections",
      "state" : {
        "branch" : "main",
        "revision" : "112fc4996745ce9309e6ef1489362fed2db20348"
      }
    },
    {
      "identity" : "sebbu-copenblas",
      "kind" : "remoteSourceControl",
      "location" : "https://github.com/MarSe32m/sebbu-copenblas",
      "state" : {
        "revision" : "0f8ac05a8f45a31f3f4aeba18ad3735f9712aecf",
        "version" : "0.3.33"
      }
    },
    {
      "identity" : "sebbu-science",
      "kind" : "remoteSourceControl",
      "location" : "https://github.com/MarSe32m/sebbu-science",
      "state" : {
        "branch" : "main",
        "revision" : "c80949d16397417ede64cc2dfad88e7448f7696a"
      }
    },
    {
      "identity" : "swift-algorithms",
      "kind" : "remoteSourceControl",
      "location" : "https://github.com/apple/swift-algorithms",
      "state" : {
        "branch" : "main",
        "revision" : "0b4376902cfc3901c496a79f2cb70f1ffd583fff"
      }
    },
    {
      "identity" : "swift-collections",
      "kind" : "remoteSourceControl",
      "location" : "https://github.com/apple/swift-collections.git",
      "state" : {
        "revision" : "a0cb0954ecb21e4e31b0070e6ed5674e8556685a",
        "version" : "1.6.0"
      }
    },
    {
      "identity" : "swift-numerics",
      "kind" : "remoteSourceControl",
      "location" : "https://github.com/apple/swift-numerics.git",
      "state" : {
        "revision" : "0c0290ff6b24942dadb83a929ffaaa1481df04a2",
        "version" : "1.1.1"
      }
    }
  ],
  "version" : 3
}
